<?xml version="1.0" encoding="utf-8"?>
<Project ToolsVersion="14.0" xmlns="http://schemas.microsoft.com/developer/msbuild/2003">
  <ItemGroup>
    <Filter Include="Resource Files">
      <UniqueIdentifier>{67DA6AB6-F800-4c08-8B7A-83BB121AAD01}</UniqueIdentifier>
      <Extensions>rc;ico;cur;bmp;dlg;rc2;rct;bin;rgs;gif;jpg;jpeg;jpe;resx;tga;tiff;tif;png;wav;mfcribbon-ms</Extensions>
    </Filter>
    <Filter Include="CustomController">
      <UniqueIdentifier>{9e3077f9-21f3-4c70-8ced-ac61578bc189}</UniqueIdentifier>
    </Filter>
    <Filter Include="Mahony">
      <UniqueIdentifier>{b947de51-3941-4576-a9f8-fca954cf86f2}</UniqueIdentifier>
    </Filter>
  </ItemGroup>
  <ItemGroup>
    <ClCompile Include="dllmain.cpp" />
    <ClCompile Include="driver_leap.cpp" />
    <ClCompile Include="pch.cpp" />
    <ClCompile Include="GestureMatcher.cpp" />
    <ClCompile Include="ControllerData.cpp">
      <Filter>CustomController</Filter>
    </ClCompile>
    <ClCompile Include="SocketReaderPlugin.cpp">
      <Filter>CustomController</Filter>
    </ClCompile>
    <ClCompile Include="SerialReader.cpp">
      <Filter>CustomController</Filter>
    </ClCompile>
    <ClCompile Include="madgwick_algorithm_c\MahonyAHRS\MahonyAHRS.c">
      <Filter>Mahony</Filter>
    </ClCompile>
  </ItemGroup>
  <ItemGroup>
    <ClInclude Include="driver_leap.h" />
    <ClInclude Include="pch.h" />
    <ClInclude Include="targetver.h" />
    <ClInclude Include="GestureMatcher.h" />
    <ClInclude Include="ControllerData.h">
      <Filter>CustomController</Filter>
    </ClInclude>
    <ClInclude Include="SocketReaderPlugin.h">
      <Filter>CustomController</Filter>
    </ClInclude>
    <ClInclude Include="SerialReader.h">
      <Filter>CustomController</Filter>
    </ClInclude>
    <ClInclude Include="madgwick_algorithm_c\MahonyAHRS\MahonyAHRS.h">
      <Filter>Mahony</Filter>
    </ClInclude>
  </ItemGroup>
  <ItemGroup>
    <None Include="..\..\README.md">
      <Filter>Resource Files</Filter>
    </None>
  </ItemGroup>
</Project>